{
  "object": {
    "pins": [
      {
        "package": "FrameworkB",
        "repositoryURL": "git@github.com:abid-opn/FrameworkB.git",
        "state": {
          "branch": "master",
          "revision": "36e92dd8ab475440b48ba510e1d7a5ca91d36907",
          "version": null
        }
      }
    ]
  },
  "version": 1
}
