{
  "object": {
    "pins": [
      {
        "package": "FrameworkB",
        "repositoryURL": "git@github.com:abid-opn/FrameworkB.git",
        "state": {
          "branch": null,
          "revision": "ff0c5482b5133d32367b7195936c99d41f7d57ed",
          "version": "0.1.0"
        }
      }
    ]
  },
  "version": 1
}
